# This file is automatically @generated by Cargo.
# It is not intended for manual editing.
version = 4

[[package]]
name = "ev3-bot"
version = "0.9.0"
dependencies = [
 "ev3rt",
 "flagset",
 "futures-micro",
 "pin-project-lite",
]

[[package]]
name = "ev3rt"
version = "0.9.0"
source = "registry+https://github.com/rust-lang/crates.io-index"
checksum = "cd5f209eaa0e718bfcf425095ee25e4e9a0030ef6095182df1fbbecc5dd8f3d5"

[[package]]
name = "flagset"
version = "0.4.7"
source = "registry+https://github.com/rust-lang/crates.io-index"
checksum = "b7ac824320a75a52197e8f2d787f6a38b6718bb6897a35142d749af3c0e8f4fe"

[[package]]
name = "futures-micro"
version = "0.5.0"
source = "registry+https://github.com/rust-lang/crates.io-index"
checksum = "b460264b3593d68b16a7bc35f7bc226ddfebdf9a1c8db1ed95d5cc6b7168c826"
dependencies = [
 "pin-project-lite",
]

[[package]]
name = "pin-project-lite"
version = "0.2.16"
source = "registry+https://github.com/rust-lang/crates.io-index"
checksum = "3b3cff922bd51709b605d9ead9aa71031d81447142d828eb4a6eba76fe619f9b"
